Microsoft Visual Studio Solution File, Format Version 12.00
# Visual Studio Version 17
VisualStudioVersion = 17.5.2.0
MinimumVisualStudioVersion = 10.0.40219.1
Project("{FAE04EC0-301F-11D3-BF4B-00C04F79EFBC}") = "PetViewerLinux", "PetViewerLinux.csproj", "{8BD8A68E-5531-330D-4043-4D26550F6509}"
EndProject
Global
	GlobalSection(SolutionConfigurationPlatforms) = preSolution
		Debug|Any CPU = Debug|Any CPU
		Release|Any CPU = Release|Any CPU
	EndGlobalSection
	GlobalSection(ProjectConfigurationPlatforms) = postSolution
		{8BD8A68E-5531-330D-4043-4D26550F6509}.Debug|Any CPU.ActiveCfg = Debug|Any CPU
		{8BD8A68E-5531-330D-4043-4D26550F6509}.Debug|Any CPU.Build.0 = Debug|Any CPU
		{8BD8A68E-5531-330D-4043-4D26550F6509}.Release|Any CPU.ActiveCfg = Release|Any CPU
		{8BD8A68E-5531-330D-4043-4D26550F6509}.Release|Any CPU.Build.0 = Release|Any CPU
	EndGlobalSection
	GlobalSection(SolutionProperties) = preSolution
		HideSolutionNode = FALSE
	EndGlobalSection
	GlobalSection(ExtensibilityGlobals) = postSolution
		SolutionGuid = {AB9175F7-98F8-4BFA-8FB8-E018942F169A}
	EndGlobalSection
EndGlobal
